
Microsoft Visual Studio Solution File, Format Version 12.00
# Visual Studio Version 17
VisualStudioVersion = 17.5.33530.505
MinimumVisualStudioVersion = 10.0.40219.1
Project("{FAE04EC0-301F-11D3-BF4B-00C04F79EFBC}") = "Sourghts.Lite", "Sourghts.Lite\Sourghts.Lite.csproj", "{0DE8FF32-7815-4DED-8C6E-DAB00940BD6D}"
EndProject
Global
	GlobalSection(SolutionConfigurationPlatforms) = preSolution
		Debug|Any CPU = Debug|Any CPU
		Release|Any CPU = Release|Any CPU
	EndGlobalSection
	GlobalSection(ProjectConfigurationPlatforms) = postSolution
		{0DE8FF32-7815-4DED-8C6E-DAB00940BD6D}.Debug|Any CPU.ActiveCfg = Debug|Any CPU
		{0DE8FF32-7815-4DED-8C6E-DAB00940BD6D}.Debug|Any CPU.Build.0 = Debug|Any CPU
		{0DE8FF32-7815-4DED-8C6E-DAB00940BD6D}.Release|Any CPU.ActiveCfg = Release|Any CPU
		{0DE8FF32-7815-4DED-8C6E-DAB00940BD6D}.Release|Any CPU.Build.0 = Release|Any CPU
	EndGlobalSection
	GlobalSection(SolutionProperties) = preSolution
		HideSolutionNode = FALSE
	EndGlobalSection
	GlobalSection(ExtensibilityGlobals) = postSolution
		SolutionGuid = {767577FC-7134-49DE-A033-4617C9EC8AA7}
	EndGlobalSection
EndGlobal
